
Microsoft Visual Studio Solution File, Format Version 12.00
# Visual Studio Version 17
VisualStudioVersion = 17.11.35219.272
MinimumVisualStudioVersion = 10.0.40219.1
Project("{FAE04EC0-301F-11D3-BF4B-00C04F79EFBC}") = "MedianNumber", "MedianNumber.csproj", "{AC8C751D-42DE-4F9A-BAB2-E1EC9A2B3480}"
EndProject
Global
	GlobalSection(SolutionConfigurationPlatforms) = preSolution
		Debug|Any CPU = Debug|Any CPU
		Release|Any CPU = Release|Any CPU
	EndGlobalSection
	GlobalSection(ProjectConfigurationPlatforms) = postSolution
		{AC8C751D-42DE-4F9A-BAB2-E1EC9A2B3480}.Debug|Any CPU.ActiveCfg = Debug|Any CPU
		{AC8C751D-42DE-4F9A-BAB2-E1EC9A2B3480}.Debug|Any CPU.Build.0 = Debug|Any CPU
		{AC8C751D-42DE-4F9A-BAB2-E1EC9A2B3480}.Release|Any CPU.ActiveCfg = Release|Any CPU
		{AC8C751D-42DE-4F9A-BAB2-E1EC9A2B3480}.Release|Any CPU.Build.0 = Release|Any CPU
	EndGlobalSection
	GlobalSection(SolutionProperties) = preSolution
		HideSolutionNode = FALSE
	EndGlobalSection
	GlobalSection(ExtensibilityGlobals) = postSolution
		SolutionGuid = {F0454867-6706-42AF-BFCE-AE07B13CD00C}
	EndGlobalSection
EndGlobal
